// !$*UTF8*$!
{
	archiveVersion = 1;
	classes = {
	};
	objectVersion = 56;
	objects = {

/* Begin PBXBuildFile section */
		5C08166A2C86EC440080B4FD /* MazeApp.swift in Sources */ = {isa = PBXBuildFile; fileRef = 5C0816692C86EC440080B4FD /* MazeApp.swift */; };
		5C08166C2C86EC440080B4FD /* ContentView.swift in Sources */ = {isa = PBXBuildFile; fileRef = 5C08166B2C86EC440080B4FD /* ContentView.swift */; };
		5C08166E2C86EC450080B4FD /* Assets.xcassets in Resources */ = {isa = PBXBuildFile; fileRef = 5C08166D2C86EC450080B4FD /* Assets.xcassets */; };
		5C0816722C86EC450080B4FD /* Preview Assets.xcassets in Resources */ = {isa = PBXBuildFile; fileRef = 5C0816712C86EC450080B4FD /* Preview Assets.xcassets */; };
		5C08167C2C86EC450080B4FD /* MazeTests.swift in Sources */ = {isa = PBXBuildFile; fileRef = 5C08167B2C86EC450080B4FD /* MazeTests.swift */; };
		5C0816862C86EC450080B4FD /* MazeUITests.swift in Sources */ = {isa = PBXBuildFile; fileRef = 5C0816852C86EC450080B4FD /* MazeUITests.swift */; };
		5C0816882C86EC450080B4FD /* MazeUITestsLaunchTests.swift in Sources */ = {isa = PBXBuildFile; fileRef = 5C0816872C86EC450080B4FD /* MazeUITestsLaunchTests.swift */; };
		5C48A9652C94810A000EF3BD /* PathFinder.swift in Sources */ = {isa = PBXBuildFile; fileRef = 5C48A9642C94810A000EF3BD /* PathFinder.swift */; };
		5C48A9672C94F725000EF3BD /* MazeExporter.swift in Sources */ = {isa = PBXBuildFile; fileRef = 5C48A9662C94F725000EF3BD /* MazeExporter.swift */; };
		5C9AB5092C90842700B3BF73 /* 🎨MazeDraw.swift in Sources */ = {isa = PBXBuildFile; fileRef = 5C9AB5082C90842700B3BF73 /* 🎨MazeDraw.swift */; };
		5C9AB50A2C90848700B3BF73 /* MazeGenerator.swift in Sources */ = {isa = PBXBuildFile; fileRef = 5C9AB4EB2C8F52F800B3BF73 /* MazeGenerator.swift */; };
		5C9AB50B2C90848700B3BF73 /* MazeModel.swift in Sources */ = {isa = PBXBuildFile; fileRef = 5C9AB4EC2C8F52F800B3BF73 /* MazeModel.swift */; };
		5C9AB50D2C91C48600B3BF73 /* 📝MazeEdit.swift in Sources */ = {isa = PBXBuildFile; fileRef = 5C9AB50C2C91C48600B3BF73 /* 📝MazeEdit.swift */; };
		5C9AB50F2C921C3F00B3BF73 /* MazeRectangularGenerate.swift in Sources */ = {isa = PBXBuildFile; fileRef = 5C9AB50E2C921C3F00B3BF73 /* MazeRectangularGenerate.swift */; };
		5CF944CA2C89ED4C0026A45F /* 🧭MazeNavigation.swift in Sources */ = {isa = PBXBuildFile; fileRef = 5CF944C92C89ED4C0026A45F /* 🧭MazeNavigation.swift */; };
		5CF944CC2C89EDE00026A45F /* Category.swift in Sources */ = {isa = PBXBuildFile; fileRef = 5CF944CB2C89EDE00026A45F /* Category.swift */; };
		5CF944CF2C89F0120026A45F /* MazeNavigationModel.swift in Sources */ = {isa = PBXBuildFile; fileRef = 5CF944CE2C89F0120026A45F /* MazeNavigationModel.swift */; };
		5CF944D12C89F3B30026A45F /* MazeRectangular.swift in Sources */ = {isa = PBXBuildFile; fileRef = 5CF944D02C89F3B30026A45F /* MazeRectangular.swift */; };
		5CF944D32C8F0D2C0026A45F /* MazeRectangularGrid.swift in Sources */ = {isa = PBXBuildFile; fileRef = 5CF944D22C8F0D2C0026A45F /* MazeRectangularGrid.swift */; };
		5CF944D72C8F14670026A45F /* MazeTile.swift in Sources */ = {isa = PBXBuildFile; fileRef = 5CF944D62C8F14670026A45F /* MazeTile.swift */; };
		5CF944D92C8F14EA0026A45F /* MazeImage.swift in Sources */ = {isa = PBXBuildFile; fileRef = 5CF944D82C8F14EA0026A45F /* MazeImage.swift */; };
		5CF944DB2C8F26C10026A45F /* MazeDetail.swift in Sources */ = {isa = PBXBuildFile; fileRef = 5CF944DA2C8F26C10026A45F /* MazeDetail.swift */; };
		5CF944DD2C8F41F80026A45F /* MazeCommands.swift in Sources */ = {isa = PBXBuildFile; fileRef = 5CF944DC2C8F41F80026A45F /* MazeCommands.swift */; };
		5CF944E02C8F4DE00026A45F /* Image+Data.swift in Sources */ = {isa = PBXBuildFile; fileRef = 5CF944DF2C8F4DE00026A45F /* Image+Data.swift */; };
		6D326E092C91B1AB00AC557C /* ParseGrid.swift in Sources */ = {isa = PBXBuildFile; fileRef = 6D326E062C91B1AB00AC557C /* ParseGrid.swift */; };
		6D326E0A2C91B1AB00AC557C /* ParseMaze.swift in Sources */ = {isa = PBXBuildFile; fileRef = 6D326E072C91B1AB00AC557C /* ParseMaze.swift */; };
		6D326E0B2C91B1AB00AC557C /* ParseConfigurations.swift in Sources */ = {isa = PBXBuildFile; fileRef = 6D326E082C91B1AB00AC557C /* ParseConfigurations.swift */; };
/* End PBXBuildFile section */

/* Begin PBXContainerItemProxy section */
		5C0816782C86EC450080B4FD /* PBXContainerItemProxy */ = {
			isa = PBXContainerItemProxy;
			containerPortal = 5C08165E2C86EC440080B4FD /* Project object */;
			proxyType = 1;
			remoteGlobalIDString = 5C0816652C86EC440080B4FD;
			remoteInfo = Maze;
		};
		5C0816822C86EC450080B4FD /* PBXContainerItemProxy */ = {
			isa = PBXContainerItemProxy;
			containerPortal = 5C08165E2C86EC440080B4FD /* Project object */;
			proxyType = 1;
			remoteGlobalIDString = 5C0816652C86EC440080B4FD;
			remoteInfo = Maze;
		};
/* End PBXContainerItemProxy section */

/* Begin PBXFileReference section */
		5C0816662C86EC440080B4FD /* Maze.app */ = {isa = PBXFileReference; explicitFileType = wrapper.application; includeInIndex = 0; path = Maze.app; sourceTree = BUILT_PRODUCTS_DIR; };
		5C0816692C86EC440080B4FD /* MazeApp.swift */ = {isa = PBXFileReference; lastKnownFileType = sourcecode.swift; path = MazeApp.swift; sourceTree = "<group>"; };
		5C08166B2C86EC440080B4FD /* ContentView.swift */ = {isa = PBXFileReference; lastKnownFileType = sourcecode.swift; path = ContentView.swift; sourceTree = "<group>"; };
		5C08166D2C86EC450080B4FD /* Assets.xcassets */ = {isa = PBXFileReference; lastKnownFileType = folder.assetcatalog; path = Assets.xcassets; sourceTree = "<group>"; };
		5C08166F2C86EC450080B4FD /* Maze.entitlements */ = {isa = PBXFileReference; lastKnownFileType = text.plist.entitlements; path = Maze.entitlements; sourceTree = "<group>"; };
		5C0816712C86EC450080B4FD /* Preview Assets.xcassets */ = {isa = PBXFileReference; lastKnownFileType = folder.assetcatalog; path = "Preview Assets.xcassets"; sourceTree = "<group>"; };
		5C0816772C86EC450080B4FD /* MazeTests.xctest */ = {isa = PBXFileReference; explicitFileType = wrapper.cfbundle; includeInIndex = 0; path = MazeTests.xctest; sourceTree = BUILT_PRODUCTS_DIR; };
		5C08167B2C86EC450080B4FD /* MazeTests.swift */ = {isa = PBXFileReference; lastKnownFileType = sourcecode.swift; path = MazeTests.swift; sourceTree = "<group>"; };
		5C0816812C86EC450080B4FD /* MazeUITests.xctest */ = {isa = PBXFileReference; explicitFileType = wrapper.cfbundle; includeInIndex = 0; path = MazeUITests.xctest; sourceTree = BUILT_PRODUCTS_DIR; };
		5C0816852C86EC450080B4FD /* MazeUITests.swift */ = {isa = PBXFileReference; lastKnownFileType = sourcecode.swift; path = MazeUITests.swift; sourceTree = "<group>"; };
		5C0816872C86EC450080B4FD /* MazeUITestsLaunchTests.swift */ = {isa = PBXFileReference; lastKnownFileType = sourcecode.swift; path = MazeUITestsLaunchTests.swift; sourceTree = "<group>"; };
		5C48A9642C94810A000EF3BD /* PathFinder.swift */ = {isa = PBXFileReference; fileEncoding = 4; lastKnownFileType = sourcecode.swift; path = PathFinder.swift; sourceTree = "<group>"; };
		5C48A9662C94F725000EF3BD /* MazeExporter.swift */ = {isa = PBXFileReference; lastKnownFileType = sourcecode.swift; path = MazeExporter.swift; sourceTree = "<group>"; };
		5C9AB4EB2C8F52F800B3BF73 /* MazeGenerator.swift */ = {isa = PBXFileReference; lastKnownFileType = sourcecode.swift; path = MazeGenerator.swift; sourceTree = "<group>"; };
		5C9AB4EC2C8F52F800B3BF73 /* MazeModel.swift */ = {isa = PBXFileReference; lastKnownFileType = sourcecode.swift; path = MazeModel.swift; sourceTree = "<group>"; };
		5C9AB5082C90842700B3BF73 /* 🎨MazeDraw.swift */ = {isa = PBXFileReference; lastKnownFileType = sourcecode.swift; path = "🎨MazeDraw.swift"; sourceTree = "<group>"; };
		5C9AB50C2C91C48600B3BF73 /* 📝MazeEdit.swift */ = {isa = PBXFileReference; lastKnownFileType = sourcecode.swift; path = "📝MazeEdit.swift"; sourceTree = "<group>"; };
		5C9AB50E2C921C3F00B3BF73 /* MazeRectangularGenerate.swift */ = {isa = PBXFileReference; lastKnownFileType = sourcecode.swift; path = MazeRectangularGenerate.swift; sourceTree = "<group>"; };
		5CF944C92C89ED4C0026A45F /* 🧭MazeNavigation.swift */ = {isa = PBXFileReference; lastKnownFileType = sourcecode.swift; path = "🧭MazeNavigation.swift"; sourceTree = "<group>"; };
		5CF944CB2C89EDE00026A45F /* Category.swift */ = {isa = PBXFileReference; lastKnownFileType = sourcecode.swift; path = Category.swift; sourceTree = "<group>"; };
		5CF944CE2C89F0120026A45F /* MazeNavigationModel.swift */ = {isa = PBXFileReference; lastKnownFileType = sourcecode.swift; path = MazeNavigationModel.swift; sourceTree = "<group>"; };
		5CF944D02C89F3B30026A45F /* MazeRectangular.swift */ = {isa = PBXFileReference; lastKnownFileType = sourcecode.swift; path = MazeRectangular.swift; sourceTree = "<group>"; };
		5CF944D22C8F0D2C0026A45F /* MazeRectangularGrid.swift */ = {isa = PBXFileReference; lastKnownFileType = sourcecode.swift; path = MazeRectangularGrid.swift; sourceTree = "<group>"; };
		5CF944D62C8F14670026A45F /* MazeTile.swift */ = {isa = PBXFileReference; lastKnownFileType = sourcecode.swift; path = MazeTile.swift; sourceTree = "<group>"; };
		5CF944D82C8F14EA0026A45F /* MazeImage.swift */ = {isa = PBXFileReference; lastKnownFileType = sourcecode.swift; path = MazeImage.swift; sourceTree = "<group>"; };
		5CF944DA2C8F26C10026A45F /* MazeDetail.swift */ = {isa = PBXFileReference; lastKnownFileType = sourcecode.swift; path = MazeDetail.swift; sourceTree = "<group>"; };
		5CF944DC2C8F41F80026A45F /* MazeCommands.swift */ = {isa = PBXFileReference; lastKnownFileType = sourcecode.swift; path = MazeCommands.swift; sourceTree = "<group>"; };
		5CF944DF2C8F4DE00026A45F /* Image+Data.swift */ = {isa = PBXFileReference; lastKnownFileType = sourcecode.swift; path = "Image+Data.swift"; sourceTree = "<group>"; };
		6D326E062C91B1AB00AC557C /* ParseGrid.swift */ = {isa = PBXFileReference; fileEncoding = 4; lastKnownFileType = sourcecode.swift; path = ParseGrid.swift; sourceTree = "<group>"; };
		6D326E072C91B1AB00AC557C /* ParseMaze.swift */ = {isa = PBXFileReference; fileEncoding = 4; lastKnownFileType = sourcecode.swift; path = ParseMaze.swift; sourceTree = "<group>"; };
		6D326E082C91B1AB00AC557C /* ParseConfigurations.swift */ = {isa = PBXFileReference; fileEncoding = 4; lastKnownFileType = sourcecode.swift; path = ParseConfigurations.swift; sourceTree = "<group>"; };
/* End PBXFileReference section */

/* Begin PBXFrameworksBuildPhase section */
		5C0816632C86EC440080B4FD /* Frameworks */ = {
			isa = PBXFrameworksBuildPhase;
			buildActionMask = 2147483647;
			files = (
			);
			runOnlyForDeploymentPostprocessing = 0;
		};
		5C0816742C86EC450080B4FD /* Frameworks */ = {
			isa = PBXFrameworksBuildPhase;
			buildActionMask = 2147483647;
			files = (
			);
			runOnlyForDeploymentPostprocessing = 0;
		};
		5C08167E2C86EC450080B4FD /* Frameworks */ = {
			isa = PBXFrameworksBuildPhase;
			buildActionMask = 2147483647;
			files = (
			);
			runOnlyForDeploymentPostprocessing = 0;
		};
/* End PBXFrameworksBuildPhase section */

/* Begin PBXGroup section */
		5C08165D2C86EC440080B4FD = {
			isa = PBXGroup;
			children = (
				5C48A9602C947920000EF3BD /* HandOnWallRuleAlgorithm */,
				6D326E042C91B14500AC557C /* MazeFileParser */,
				5C9AB4ED2C8F52F800B3BF73 /* Model */,
				5C0816682C86EC440080B4FD /* Maze */,
				5C08167A2C86EC450080B4FD /* MazeTests */,
				5C0816842C86EC450080B4FD /* MazeUITests */,
				5C0816672C86EC440080B4FD /* Products */,
			);
			sourceTree = "<group>";
		};
		5C0816672C86EC440080B4FD /* Products */ = {
			isa = PBXGroup;
			children = (
				5C0816662C86EC440080B4FD /* Maze.app */,
				5C0816772C86EC450080B4FD /* MazeTests.xctest */,
				5C0816812C86EC450080B4FD /* MazeUITests.xctest */,
			);
			name = Products;
			sourceTree = "<group>";
		};
		5C0816682C86EC440080B4FD /* Maze */ = {
			isa = PBXGroup;
			children = (
				5C0816692C86EC440080B4FD /* MazeApp.swift */,
				5CF944DE2C8F4DCB0026A45F /* Extensions */,
				5CF944CD2C89EFA70026A45F /* Models */,
				5CF944C82C89EC560026A45F /* 💠Views */,
				5C08166D2C86EC450080B4FD /* Assets.xcassets */,
				5C08166F2C86EC450080B4FD /* Maze.entitlements */,
				5C0816702C86EC450080B4FD /* Preview Content */,
			);
			path = Maze;
			sourceTree = "<group>";
		};
		5C0816702C86EC450080B4FD /* Preview Content */ = {
			isa = PBXGroup;
			children = (
				5C0816712C86EC450080B4FD /* Preview Assets.xcassets */,
			);
			path = "Preview Content";
			sourceTree = "<group>";
		};
		5C08167A2C86EC450080B4FD /* MazeTests */ = {
			isa = PBXGroup;
			children = (
				5C08167B2C86EC450080B4FD /* MazeTests.swift */,
			);
			path = MazeTests;
			sourceTree = "<group>";
		};
		5C0816842C86EC450080B4FD /* MazeUITests */ = {
			isa = PBXGroup;
			children = (
				5C0816852C86EC450080B4FD /* MazeUITests.swift */,
				5C0816872C86EC450080B4FD /* MazeUITestsLaunchTests.swift */,
			);
			path = MazeUITests;
			sourceTree = "<group>";
		};
		5C48A9602C947920000EF3BD /* HandOnWallRuleAlgorithm */ = {
			isa = PBXGroup;
			children = (
				5C48A9642C94810A000EF3BD /* PathFinder.swift */,
			);
			path = HandOnWallRuleAlgorithm;
			sourceTree = "<group>";
		};
		5C9AB4ED2C8F52F800B3BF73 /* Model */ = {
			isa = PBXGroup;
			children = (
				5C9AB4EB2C8F52F800B3BF73 /* MazeGenerator.swift */,
				5C9AB4EC2C8F52F800B3BF73 /* MazeModel.swift */,
				5C48A9662C94F725000EF3BD /* MazeExporter.swift */,
			);
			path = Model;
			sourceTree = "<group>";
		};
		5CF944C82C89EC560026A45F /* 💠Views */ = {
			isa = PBXGroup;
			children = (
				5C08166B2C86EC440080B4FD /* ContentView.swift */,
				5CF944C92C89ED4C0026A45F /* 🧭MazeNavigation.swift */,
				5CF944D22C8F0D2C0026A45F /* MazeRectangularGrid.swift */,
				5C9AB50E2C921C3F00B3BF73 /* MazeRectangularGenerate.swift */,
				5CF944D62C8F14670026A45F /* MazeTile.swift */,
				5CF944D82C8F14EA0026A45F /* MazeImage.swift */,
				5CF944DA2C8F26C10026A45F /* MazeDetail.swift */,
				5C9AB50C2C91C48600B3BF73 /* 📝MazeEdit.swift */,
				5C9AB5082C90842700B3BF73 /* 🎨MazeDraw.swift */,
			);
			path = "💠Views";
			sourceTree = "<group>";
		};
		5CF944CD2C89EFA70026A45F /* Models */ = {
			isa = PBXGroup;
			children = (
				5CF944CB2C89EDE00026A45F /* Category.swift */,
				5CF944D02C89F3B30026A45F /* MazeRectangular.swift */,
				5CF944DC2C8F41F80026A45F /* MazeCommands.swift */,
				5CF944CE2C89F0120026A45F /* MazeNavigationModel.swift */,
			);
			path = Models;
			sourceTree = "<group>";
		};
		5CF944DE2C8F4DCB0026A45F /* Extensions */ = {
			isa = PBXGroup;
			children = (
				5CF944DF2C8F4DE00026A45F /* Image+Data.swift */,
			);
			path = Extensions;
			sourceTree = "<group>";
		};
		6D326E042C91B14500AC557C /* MazeFileParser */ = {
			isa = PBXGroup;
			children = (
				6D326E052C91B15500AC557C /* MazeParser */,
			);
			path = MazeFileParser;
			sourceTree = "<group>";
		};
		6D326E052C91B15500AC557C /* MazeParser */ = {
			isa = PBXGroup;
			children = (
				6D326E082C91B1AB00AC557C /* ParseConfigurations.swift */,
				6D326E062C91B1AB00AC557C /* ParseGrid.swift */,
				6D326E072C91B1AB00AC557C /* ParseMaze.swift */,
			);
			path = MazeParser;
			sourceTree = "<group>";
		};
/* End PBXGroup section */

/* Begin PBXNativeTarget section */
		5C0816652C86EC440080B4FD /* Maze */ = {
			isa = PBXNativeTarget;
			buildConfigurationList = 5C08168B2C86EC450080B4FD /* Build configuration list for PBXNativeTarget "Maze" */;
			buildPhases = (
				5C0816622C86EC440080B4FD /* Sources */,
				5C0816632C86EC440080B4FD /* Frameworks */,
				5C0816642C86EC440080B4FD /* Resources */,
			);
			buildRules = (
			);
			dependencies = (
			);
			name = Maze;
			productName = Maze;
			productReference = 5C0816662C86EC440080B4FD /* Maze.app */;
			productType = "com.apple.product-type.application";
		};
		5C0816762C86EC450080B4FD /* MazeTests */ = {
			isa = PBXNativeTarget;
			buildConfigurationList = 5C08168E2C86EC450080B4FD /* Build configuration list for PBXNativeTarget "MazeTests" */;
			buildPhases = (
				5C0816732C86EC450080B4FD /* Sources */,
				5C0816742C86EC450080B4FD /* Frameworks */,
				5C0816752C86EC450080B4FD /* Resources */,
			);
			buildRules = (
			);
			dependencies = (
				5C0816792C86EC450080B4FD /* PBXTargetDependency */,
			);
			name = MazeTests;
			productName = MazeTests;
			productReference = 5C0816772C86EC450080B4FD /* MazeTests.xctest */;
			productType = "com.apple.product-type.bundle.unit-test";
		};
		5C0816802C86EC450080B4FD /* MazeUITests */ = {
			isa = PBXNativeTarget;
			buildConfigurationList = 5C0816912C86EC450080B4FD /* Build configuration list for PBXNativeTarget "MazeUITests" */;
			buildPhases = (
				5C08167D2C86EC450080B4FD /* Sources */,
				5C08167E2C86EC450080B4FD /* Frameworks */,
				5C08167F2C86EC450080B4FD /* Resources */,
			);
			buildRules = (
			);
			dependencies = (
				5C0816832C86EC450080B4FD /* PBXTargetDependency */,
			);
			name = MazeUITests;
			productName = MazeUITests;
			productReference = 5C0816812C86EC450080B4FD /* MazeUITests.xctest */;
			productType = "com.apple.product-type.bundle.ui-testing";
		};
/* End PBXNativeTarget section */

/* Begin PBXProject section */
		5C08165E2C86EC440080B4FD /* Project object */ = {
			isa = PBXProject;
			attributes = {
				BuildIndependentTargetsInParallel = 1;
				LastSwiftUpdateCheck = 1540;
				LastUpgradeCheck = 1540;
				TargetAttributes = {
					5C0816652C86EC440080B4FD = {
						CreatedOnToolsVersion = 15.4;
					};
					5C0816762C86EC450080B4FD = {
						CreatedOnToolsVersion = 15.4;
						TestTargetID = 5C0816652C86EC440080B4FD;
					};
					5C0816802C86EC450080B4FD = {
						CreatedOnToolsVersion = 15.4;
						TestTargetID = 5C0816652C86EC440080B4FD;
					};
				};
			};
			buildConfigurationList = 5C0816612C86EC440080B4FD /* Build configuration list for PBXProject "Maze" */;
			compatibilityVersion = "Xcode 14.0";
			developmentRegion = en;
			hasScannedForEncodings = 0;
			knownRegions = (
				en,
				Base,
			);
			mainGroup = 5C08165D2C86EC440080B4FD;
			productRefGroup = 5C0816672C86EC440080B4FD /* Products */;
			projectDirPath = "";
			projectRoot = "";
			targets = (
				5C0816652C86EC440080B4FD /* Maze */,
				5C0816762C86EC450080B4FD /* MazeTests */,
				5C0816802C86EC450080B4FD /* MazeUITests */,
			);
		};
/* End PBXProject section */

/* Begin PBXResourcesBuildPhase section */
		5C0816642C86EC440080B4FD /* Resources */ = {
			isa = PBXResourcesBuildPhase;
			buildActionMask = 2147483647;
			files = (
				5C0816722C86EC450080B4FD /* Preview Assets.xcassets in Resources */,
				5C08166E2C86EC450080B4FD /* Assets.xcassets in Resources */,
			);
			runOnlyForDeploymentPostprocessing = 0;
		};
		5C0816752C86EC450080B4FD /* Resources */ = {
			isa = PBXResourcesBuildPhase;
			buildActionMask = 2147483647;
			files = (
			);
			runOnlyForDeploymentPostprocessing = 0;
		};
		5C08167F2C86EC450080B4FD /* Resources */ = {
			isa = PBXResourcesBuildPhase;
			buildActionMask = 2147483647;
			files = (
			);
			runOnlyForDeploymentPostprocessing = 0;
		};
/* End PBXResourcesBuildPhase section */

/* Begin PBXSourcesBuildPhase section */
		5C0816622C86EC440080B4FD /* Sources */ = {
			isa = PBXSourcesBuildPhase;
			buildActionMask = 2147483647;
			files = (
				5C9AB50A2C90848700B3BF73 /* MazeGenerator.swift in Sources */,
				5C9AB50B2C90848700B3BF73 /* MazeModel.swift in Sources */,
				5C9AB5092C90842700B3BF73 /* 🎨MazeDraw.swift in Sources */,
				5CF944DD2C8F41F80026A45F /* MazeCommands.swift in Sources */,
				5C9AB50F2C921C3F00B3BF73 /* MazeRectangularGenerate.swift in Sources */,
				5C08166C2C86EC440080B4FD /* ContentView.swift in Sources */,
				5CF944D32C8F0D2C0026A45F /* MazeRectangularGrid.swift in Sources */,
				5CF944CA2C89ED4C0026A45F /* 🧭MazeNavigation.swift in Sources */,
				5CF944D72C8F14670026A45F /* MazeTile.swift in Sources */,
				5C9AB50D2C91C48600B3BF73 /* 📝MazeEdit.swift in Sources */,
				5CF944E02C8F4DE00026A45F /* Image+Data.swift in Sources */,
				5C48A9652C94810A000EF3BD /* PathFinder.swift in Sources */,
				5CF944D12C89F3B30026A45F /* MazeRectangular.swift in Sources */,
				5CF944DB2C8F26C10026A45F /* MazeDetail.swift in Sources */,
				6D326E092C91B1AB00AC557C /* ParseGrid.swift in Sources */,
				6D326E0B2C91B1AB00AC557C /* ParseConfigurations.swift in Sources */,
				6D326E0A2C91B1AB00AC557C /* ParseMaze.swift in Sources */,
				5C08166A2C86EC440080B4FD /* MazeApp.swift in Sources */,
				5CF944CF2C89F0120026A45F /* MazeNavigationModel.swift in Sources */,
				5C48A9672C94F725000EF3BD /* MazeExporter.swift in Sources */,
				5CF944CC2C89EDE00026A45F /* Category.swift in Sources */,
				5CF944D92C8F14EA0026A45F /* MazeImage.swift in Sources */,
			);
			runOnlyForDeploymentPostprocessing = 0;
		};
		5C0816732C86EC450080B4FD /* Sources */ = {
			isa = PBXSourcesBuildPhase;
			buildActionMask = 2147483647;
			files = (
				5C08167C2C86EC450080B4FD /* MazeTests.swift in Sources */,
			);
			runOnlyForDeploymentPostprocessing = 0;
		};
		5C08167D2C86EC450080B4FD /* Sources */ = {
			isa = PBXSourcesBuildPhase;
			buildActionMask = 2147483647;
			files = (
				5C0816862C86EC450080B4FD /* MazeUITests.swift in Sources */,
				5C0816882C86EC450080B4FD /* MazeUITestsLaunchTests.swift in Sources */,
			);
			runOnlyForDeploymentPostprocessing = 0;
		};
/* End PBXSourcesBuildPhase section */

/* Begin PBXTargetDependency section */
		5C0816792C86EC450080B4FD /* PBXTargetDependency */ = {
			isa = PBXTargetDependency;
			target = 5C0816652C86EC440080B4FD /* Maze */;
			targetProxy = 5C0816782C86EC450080B4FD /* PBXContainerItemProxy */;
		};
		5C0816832C86EC450080B4FD /* PBXTargetDependency */ = {
			isa = PBXTargetDependency;
			target = 5C0816652C86EC440080B4FD /* Maze */;
			targetProxy = 5C0816822C86EC450080B4FD /* PBXContainerItemProxy */;
		};
/* End PBXTargetDependency section */

/* Begin XCBuildConfiguration section */
		5C0816892C86EC450080B4FD /* Debug */ = {
			isa = XCBuildConfiguration;
			buildSettings = {
				ALWAYS_SEARCH_USER_PATHS = NO;
				ASSETCATALOG_COMPILER_GENERATE_SWIFT_ASSET_SYMBOL_EXTENSIONS = YES;
				CLANG_ANALYZER_NONNULL = YES;
				CLANG_ANALYZER_NUMBER_OBJECT_CONVERSION = YES_AGGRESSIVE;
				CLANG_CXX_LANGUAGE_STANDARD = "gnu++20";
				CLANG_ENABLE_MODULES = YES;
				CLANG_ENABLE_OBJC_ARC = YES;
				CLANG_ENABLE_OBJC_WEAK = YES;
				CLANG_WARN_BLOCK_CAPTURE_AUTORELEASING = YES;
				CLANG_WARN_BOOL_CONVERSION = YES;
				CLANG_WARN_COMMA = YES;
				CLANG_WARN_CONSTANT_CONVERSION = YES;
				CLANG_WARN_DEPRECATED_OBJC_IMPLEMENTATIONS = YES;
				CLANG_WARN_DIRECT_OBJC_ISA_USAGE = YES_ERROR;
				CLANG_WARN_DOCUMENTATION_COMMENTS = YES;
				CLANG_WARN_EMPTY_BODY = YES;
				CLANG_WARN_ENUM_CONVERSION = YES;
				CLANG_WARN_INFINITE_RECURSION = YES;
				CLANG_WARN_INT_CONVERSION = YES;
				CLANG_WARN_NON_LITERAL_NULL_CONVERSION = YES;
				CLANG_WARN_OBJC_IMPLICIT_RETAIN_SELF = YES;
				CLANG_WARN_OBJC_LITERAL_CONVERSION = YES;
				CLANG_WARN_OBJC_ROOT_CLASS = YES_ERROR;
				CLANG_WARN_QUOTED_INCLUDE_IN_FRAMEWORK_HEADER = YES;
				CLANG_WARN_RANGE_LOOP_ANALYSIS = YES;
				CLANG_WARN_STRICT_PROTOTYPES = YES;
				CLANG_WARN_SUSPICIOUS_MOVE = YES;
				CLANG_WARN_UNGUARDED_AVAILABILITY = YES_AGGRESSIVE;
				CLANG_WARN_UNREACHABLE_CODE = YES;
				CLANG_WARN__DUPLICATE_METHOD_MATCH = YES;
				COPY_PHASE_STRIP = NO;
				DEBUG_INFORMATION_FORMAT = dwarf;
				ENABLE_STRICT_OBJC_MSGSEND = YES;
				ENABLE_TESTABILITY = YES;
				ENABLE_USER_SCRIPT_SANDBOXING = YES;
				GCC_C_LANGUAGE_STANDARD = gnu17;
				GCC_DYNAMIC_NO_PIC = NO;
				GCC_NO_COMMON_BLOCKS = YES;
				GCC_OPTIMIZATION_LEVEL = 0;
				GCC_PREPROCESSOR_DEFINITIONS = (
					"DEBUG=1",
					"$(inherited)",
				);
				GCC_WARN_64_TO_32_BIT_CONVERSION = YES;
				GCC_WARN_ABOUT_RETURN_TYPE = YES_ERROR;
				GCC_WARN_UNDECLARED_SELECTOR = YES;
				GCC_WARN_UNINITIALIZED_AUTOS = YES_AGGRESSIVE;
				GCC_WARN_UNUSED_FUNCTION = YES;
				GCC_WARN_UNUSED_VARIABLE = YES;
				LOCALIZATION_PREFERS_STRING_CATALOGS = YES;
				MTL_ENABLE_DEBUG_INFO = INCLUDE_SOURCE;
				MTL_FAST_MATH = YES;
				ONLY_ACTIVE_ARCH = YES;
				SWIFT_ACTIVE_COMPILATION_CONDITIONS = "DEBUG $(inherited)";
				SWIFT_OPTIMIZATION_LEVEL = "-Onone";
			};
			name = Debug;
		};
		5C08168A2C86EC450080B4FD /* Release */ = {
			isa = XCBuildConfiguration;
			buildSettings = {
				ALWAYS_SEARCH_USER_PATHS = NO;
				ASSETCATALOG_COMPILER_GENERATE_SWIFT_ASSET_SYMBOL_EXTENSIONS = YES;
				CLANG_ANALYZER_NONNULL = YES;
				CLANG_ANALYZER_NUMBER_OBJECT_CONVERSION = YES_AGGRESSIVE;
				CLANG_CXX_LANGUAGE_STANDARD = "gnu++20";
				CLANG_ENABLE_MODULES = YES;
				CLANG_ENABLE_OBJC_ARC = YES;
				CLANG_ENABLE_OBJC_WEAK = YES;
				CLANG_WARN_BLOCK_CAPTURE_AUTORELEASING = YES;
				CLANG_WARN_BOOL_CONVERSION = YES;
				CLANG_WARN_COMMA = YES;
				CLANG_WARN_CONSTANT_CONVERSION = YES;
				CLANG_WARN_DEPRECATED_OBJC_IMPLEMENTATIONS = YES;
				CLANG_WARN_DIRECT_OBJC_ISA_USAGE = YES_ERROR;
				CLANG_WARN_DOCUMENTATION_COMMENTS = YES;
				CLANG_WARN_EMPTY_BODY = YES;
				CLANG_WARN_ENUM_CONVERSION = YES;
				CLANG_WARN_INFINITE_RECURSION = YES;
				CLANG_WARN_INT_CONVERSION = YES;
				CLANG_WARN_NON_LITERAL_NULL_CONVERSION = YES;
				CLANG_WARN_OBJC_IMPLICIT_RETAIN_SELF = YES;
				CLANG_WARN_OBJC_LITERAL_CONVERSION = YES;
				CLANG_WARN_OBJC_ROOT_CLASS = YES_ERROR;
				CLANG_WARN_QUOTED_INCLUDE_IN_FRAMEWORK_HEADER = YES;
				CLANG_WARN_RANGE_LOOP_ANALYSIS = YES;
				CLANG_WARN_STRICT_PROTOTYPES = YES;
				CLANG_WARN_SUSPICIOUS_MOVE = YES;
				CLANG_WARN_UNGUARDED_AVAILABILITY = YES_AGGRESSIVE;
				CLANG_WARN_UNREACHABLE_CODE = YES;
				CLANG_WARN__DUPLICATE_METHOD_MATCH = YES;
				COPY_PHASE_STRIP = NO;
				DEBUG_INFORMATION_FORMAT = "dwarf-with-dsym";
				ENABLE_NS_ASSERTIONS = NO;
				ENABLE_STRICT_OBJC_MSGSEND = YES;
				ENABLE_USER_SCRIPT_SANDBOXING = YES;
				GCC_C_LANGUAGE_STANDARD = gnu17;
				GCC_NO_COMMON_BLOCKS = YES;
				GCC_WARN_64_TO_32_BIT_CONVERSION = YES;
				GCC_WARN_ABOUT_RETURN_TYPE = YES_ERROR;
				GCC_WARN_UNDECLARED_SELECTOR = YES;
				GCC_WARN_UNINITIALIZED_AUTOS = YES_AGGRESSIVE;
				GCC_WARN_UNUSED_FUNCTION = YES;
				GCC_WARN_UNUSED_VARIABLE = YES;
				LOCALIZATION_PREFERS_STRING_CATALOGS = YES;
				MTL_ENABLE_DEBUG_INFO = NO;
				MTL_FAST_MATH = YES;
				SWIFT_COMPILATION_MODE = wholemodule;
			};
			name = Release;
		};
		5C08168C2C86EC450080B4FD /* Debug */ = {
			isa = XCBuildConfiguration;
			buildSettings = {
				ASSETCATALOG_COMPILER_APPICON_NAME = AppIcon;
				ASSETCATALOG_COMPILER_GLOBAL_ACCENT_COLOR_NAME = AccentColor;
				CODE_SIGN_ENTITLEMENTS = Maze/Maze.entitlements;
				CODE_SIGN_STYLE = Automatic;
				CURRENT_PROJECT_VERSION = 1;
				DEVELOPMENT_ASSET_PATHS = "\"Maze/Preview Content\"";
				DEVELOPMENT_TEAM = N9NN3CSS37;
				ENABLE_PREVIEWS = YES;
				GENERATE_INFOPLIST_FILE = YES;
				"INFOPLIST_KEY_UIApplicationSceneManifest_Generation[sdk=iphoneos*]" = YES;
				"INFOPLIST_KEY_UIApplicationSceneManifest_Generation[sdk=iphonesimulator*]" = YES;
				"INFOPLIST_KEY_UIApplicationSupportsIndirectInputEvents[sdk=iphoneos*]" = YES;
				"INFOPLIST_KEY_UIApplicationSupportsIndirectInputEvents[sdk=iphonesimulator*]" = YES;
				"INFOPLIST_KEY_UILaunchScreen_Generation[sdk=iphoneos*]" = YES;
				"INFOPLIST_KEY_UILaunchScreen_Generation[sdk=iphonesimulator*]" = YES;
				"INFOPLIST_KEY_UIStatusBarStyle[sdk=iphoneos*]" = UIStatusBarStyleDefault;
				"INFOPLIST_KEY_UIStatusBarStyle[sdk=iphonesimulator*]" = UIStatusBarStyleDefault;
				INFOPLIST_KEY_UISupportedInterfaceOrientations = UIInterfaceOrientationPortrait;
				INFOPLIST_KEY_UISupportedInterfaceOrientations_iPad = "UIInterfaceOrientationPortrait UIInterfaceOrientationPortraitUpsideDown";
				IPHONEOS_DEPLOYMENT_TARGET = 17.0;
				LD_RUNPATH_SEARCH_PATHS = "@executable_path/Frameworks";
				"LD_RUNPATH_SEARCH_PATHS[sdk=macosx*]" = "@executable_path/../Frameworks";
				MACOSX_DEPLOYMENT_TARGET = 14.0;
				MARKETING_VERSION = 1.0;
				PRODUCT_BUNDLE_IDENTIFIER = school21.Maze;
				PRODUCT_NAME = "$(TARGET_NAME)";
				SDKROOT = auto;
				SUPPORTED_PLATFORMS = "iphoneos iphonesimulator macosx";
				SWIFT_EMIT_LOC_STRINGS = YES;
				SWIFT_VERSION = 5.0;
				TARGETED_DEVICE_FAMILY = "1,2";
			};
			name = Debug;
		};
		5C08168D2C86EC450080B4FD /* Release */ = {
			isa = XCBuildConfiguration;
			buildSettings = {
				ASSETCATALOG_COMPILER_APPICON_NAME = AppIcon;
				ASSETCATALOG_COMPILER_GLOBAL_ACCENT_COLOR_NAME = AccentColor;
				CODE_SIGN_ENTITLEMENTS = Maze/Maze.entitlements;
				CODE_SIGN_STYLE = Automatic;
				CURRENT_PROJECT_VERSION = 1;
				DEVELOPMENT_ASSET_PATHS = "\"Maze/Preview Content\"";
				DEVELOPMENT_TEAM = N9NN3CSS37;
				ENABLE_PREVIEWS = YES;
				GENERATE_INFOPLIST_FILE = YES;
				"INFOPLIST_KEY_UIApplicationSceneManifest_Generation[sdk=iphoneos*]" = YES;
				"INFOPLIST_KEY_UIApplicationSceneManifest_Generation[sdk=iphonesimulator*]" = YES;
				"INFOPLIST_KEY_UIApplicationSupportsIndirectInputEvents[sdk=iphoneos*]" = YES;
				"INFOPLIST_KEY_UIApplicationSupportsIndirectInputEvents[sdk=iphonesimulator*]" = YES;
				"INFOPLIST_KEY_UILaunchScreen_Generation[sdk=iphoneos*]" = YES;
				"INFOPLIST_KEY_UILaunchScreen_Generation[sdk=iphonesimulator*]" = YES;
				"INFOPLIST_KEY_UIStatusBarStyle[sdk=iphoneos*]" = UIStatusBarStyleDefault;
				"INFOPLIST_KEY_UIStatusBarStyle[sdk=iphonesimulator*]" = UIStatusBarStyleDefault;
				INFOPLIST_KEY_UISupportedInterfaceOrientations = UIInterfaceOrientationPortrait;
				INFOPLIST_KEY_UISupportedInterfaceOrientations_iPad = "UIInterfaceOrientationPortrait UIInterfaceOrientationPortraitUpsideDown";
				IPHONEOS_DEPLOYMENT_TARGET = 17.0;
				LD_RUNPATH_SEARCH_PATHS = "@executable_path/Frameworks";
				"LD_RUNPATH_SEARCH_PATHS[sdk=macosx*]" = "@executable_path/../Frameworks";
				MACOSX_DEPLOYMENT_TARGET = 14.0;
				MARKETING_VERSION = 1.0;
				PRODUCT_BUNDLE_IDENTIFIER = school21.Maze;
				PRODUCT_NAME = "$(TARGET_NAME)";
				SDKROOT = auto;
				SUPPORTED_PLATFORMS = "iphoneos iphonesimulator macosx";
				SWIFT_EMIT_LOC_STRINGS = YES;
				SWIFT_VERSION = 5.0;
				TARGETED_DEVICE_FAMILY = "1,2";
			};
			name = Release;
		};
		5C08168F2C86EC450080B4FD /* Debug */ = {
			isa = XCBuildConfiguration;
			buildSettings = {
				ALWAYS_EMBED_SWIFT_STANDARD_LIBRARIES = YES;
				BUNDLE_LOADER = "$(TEST_HOST)";
				CODE_SIGN_STYLE = Automatic;
				CURRENT_PROJECT_VERSION = 1;
				GENERATE_INFOPLIST_FILE = YES;
				IPHONEOS_DEPLOYMENT_TARGET = 17.5;
				MACOSX_DEPLOYMENT_TARGET = 14.5;
				MARKETING_VERSION = 1.0;
				PRODUCT_BUNDLE_IDENTIFIER = school21.MazeTests;
				PRODUCT_NAME = "$(TARGET_NAME)";
				SDKROOT = auto;
				SUPPORTED_PLATFORMS = "iphoneos iphonesimulator macosx";
				SWIFT_EMIT_LOC_STRINGS = NO;
				SWIFT_VERSION = 5.0;
				TARGETED_DEVICE_FAMILY = "1,2";
				TEST_HOST = "$(BUILT_PRODUCTS_DIR)/Maze.app/$(BUNDLE_EXECUTABLE_FOLDER_PATH)/Maze";
			};
			name = Debug;
		};
		5C0816902C86EC450080B4FD /* Release */ = {
			isa = XCBuildConfiguration;
			buildSettings = {
				ALWAYS_EMBED_SWIFT_STANDARD_LIBRARIES = YES;
				BUNDLE_LOADER = "$(TEST_HOST)";
				CODE_SIGN_STYLE = Automatic;
				CURRENT_PROJECT_VERSION = 1;
				GENERATE_INFOPLIST_FILE = YES;
				IPHONEOS_DEPLOYMENT_TARGET = 17.5;
				MACOSX_DEPLOYMENT_TARGET = 14.5;
				MARKETING_VERSION = 1.0;
				PRODUCT_BUNDLE_IDENTIFIER = school21.MazeTests;
				PRODUCT_NAME = "$(TARGET_NAME)";
				SDKROOT = auto;
				SUPPORTED_PLATFORMS = "iphoneos iphonesimulator macosx";
				SWIFT_EMIT_LOC_STRINGS = NO;
				SWIFT_VERSION = 5.0;
				TARGETED_DEVICE_FAMILY = "1,2";
				TEST_HOST = "$(BUILT_PRODUCTS_DIR)/Maze.app/$(BUNDLE_EXECUTABLE_FOLDER_PATH)/Maze";
			};
			name = Release;
		};
		5C0816922C86EC450080B4FD /* Debug */ = {
			isa = XCBuildConfiguration;
			buildSettings = {
				ALWAYS_EMBED_SWIFT_STANDARD_LIBRARIES = YES;
				CODE_SIGN_STYLE = Automatic;
				CURRENT_PROJECT_VERSION = 1;
				GENERATE_INFOPLIST_FILE = YES;
				IPHONEOS_DEPLOYMENT_TARGET = 17.5;
				MACOSX_DEPLOYMENT_TARGET = 14.5;
				MARKETING_VERSION = 1.0;
				PRODUCT_BUNDLE_IDENTIFIER = school21.MazeUITests;
				PRODUCT_NAME = "$(TARGET_NAME)";
				SDKROOT = auto;
				SUPPORTED_PLATFORMS = "iphoneos iphonesimulator macosx";
				SWIFT_EMIT_LOC_STRINGS = NO;
				SWIFT_VERSION = 5.0;
				TARGETED_DEVICE_FAMILY = "1,2";
				TEST_TARGET_NAME = Maze;
			};
			name = Debug;
		};
		5C0816932C86EC450080B4FD /* Release */ = {
			isa = XCBuildConfiguration;
			buildSettings = {
				ALWAYS_EMBED_SWIFT_STANDARD_LIBRARIES = YES;
				CODE_SIGN_STYLE = Automatic;
				CURRENT_PROJECT_VERSION = 1;
				GENERATE_INFOPLIST_FILE = YES;
				IPHONEOS_DEPLOYMENT_TARGET = 17.5;
				MACOSX_DEPLOYMENT_TARGET = 14.5;
				MARKETING_VERSION = 1.0;
				PRODUCT_BUNDLE_IDENTIFIER = school21.MazeUITests;
				PRODUCT_NAME = "$(TARGET_NAME)";
				SDKROOT = auto;
				SUPPORTED_PLATFORMS = "iphoneos iphonesimulator macosx";
				SWIFT_EMIT_LOC_STRINGS = NO;
				SWIFT_VERSION = 5.0;
				TARGETED_DEVICE_FAMILY = "1,2";
				TEST_TARGET_NAME = Maze;
			};
			name = Release;
		};
/* End XCBuildConfiguration section */

/* Begin XCConfigurationList section */
		5C0816612C86EC440080B4FD /* Build configuration list for PBXProject "Maze" */ = {
			isa = XCConfigurationList;
			buildConfigurations = (
				5C0816892C86EC450080B4FD /* Debug */,
				5C08168A2C86EC450080B4FD /* Release */,
			);
			defaultConfigurationIsVisible = 0;
			defaultConfigurationName = Release;
		};
		5C08168B2C86EC450080B4FD /* Build configuration list for PBXNativeTarget "Maze" */ = {
			isa = XCConfigurationList;
			buildConfigurations = (
				5C08168C2C86EC450080B4FD /* Debug */,
				5C08168D2C86EC450080B4FD /* Release */,
			);
			defaultConfigurationIsVisible = 0;
			defaultConfigurationName = Release;
		};
		5C08168E2C86EC450080B4FD /* Build configuration list for PBXNativeTarget "MazeTests" */ = {
			isa = XCConfigurationList;
			buildConfigurations = (
				5C08168F2C86EC450080B4FD /* Debug */,
				5C0816902C86EC450080B4FD /* Release */,
			);
			defaultConfigurationIsVisible = 0;
			defaultConfigurationName = Release;
		};
		5C0816912C86EC450080B4FD /* Build configuration list for PBXNativeTarget "MazeUITests" */ = {
			isa = XCConfigurationList;
			buildConfigurations = (
				5C0816922C86EC450080B4FD /* Debug */,
				5C0816932C86EC450080B4FD /* Release */,
			);
			defaultConfigurationIsVisible = 0;
			defaultConfigurationName = Release;
		};
/* End XCConfigurationList section */
	};
	rootObject = 5C08165E2C86EC440080B4FD /* Project object */;
}
